
Microsoft Visual Studio Solution File, Format Version 12.00
# Visual Studio Version 17
VisualStudioVersion = 17.7.34031.279
MinimumVisualStudioVersion = 10.0.40219.1
Project("{FAE04EC0-301F-11D3-BF4B-00C04F79EFBC}") = "PRESENTACION", "presentacion\PRESENTACION.csproj", "{CBC2963A-3E3B-4E2E-8603-936DD9FBD0EE}"
EndProject
Project("{FAE04EC0-301F-11D3-BF4B-00C04F79EFBC}") = "BLL", "BLL\BLL.csproj", "{1BA6C67A-7B4A-4414-AC9D-851E084B196E}"
EndProject
Project("{FAE04EC0-301F-11D3-BF4B-00C04F79EFBC}") = "DAL", "DAL\DAL.csproj", "{8D6FF4D5-0CC4-424C-A2A4-0574BBE0E326}"
EndProject
Project("{FAE04EC0-301F-11D3-BF4B-00C04F79EFBC}") = "ENTITY", "ENTITY\ENTITY.csproj", "{639928DC-A4E1-4986-944C-968F3DE3D327}"
EndProject
Project("{FAE04EC0-301F-11D3-BF4B-00C04F79EFBC}") = "PRUEBA", "PRUEBA\PRUEBA.csproj", "{119B60A2-030B-4109-8838-28B60913A355}"
EndProject
Global
	GlobalSection(SolutionConfigurationPlatforms) = preSolution
		Debug|Any CPU = Debug|Any CPU
		Release|Any CPU = Release|Any CPU
	EndGlobalSection
	GlobalSection(ProjectConfigurationPlatforms) = postSolution
		{CBC2963A-3E3B-4E2E-8603-936DD9FBD0EE}.Debug|Any CPU.ActiveCfg = Debug|Any CPU
		{CBC2963A-3E3B-4E2E-8603-936DD9FBD0EE}.Debug|Any CPU.Build.0 = Debug|Any CPU
		{CBC2963A-3E3B-4E2E-8603-936DD9FBD0EE}.Release|Any CPU.ActiveCfg = Release|Any CPU
		{CBC2963A-3E3B-4E2E-8603-936DD9FBD0EE}.Release|Any CPU.Build.0 = Release|Any CPU
		{1BA6C67A-7B4A-4414-AC9D-851E084B196E}.Debug|Any CPU.ActiveCfg = Debug|Any CPU
		{1BA6C67A-7B4A-4414-AC9D-851E084B196E}.Debug|Any CPU.Build.0 = Debug|Any CPU
		{1BA6C67A-7B4A-4414-AC9D-851E084B196E}.Release|Any CPU.ActiveCfg = Release|Any CPU
		{1BA6C67A-7B4A-4414-AC9D-851E084B196E}.Release|Any CPU.Build.0 = Release|Any CPU
		{8D6FF4D5-0CC4-424C-A2A4-0574BBE0E326}.Debug|Any CPU.ActiveCfg = Debug|Any CPU
		{8D6FF4D5-0CC4-424C-A2A4-0574BBE0E326}.Debug|Any CPU.Build.0 = Debug|Any CPU
		{8D6FF4D5-0CC4-424C-A2A4-0574BBE0E326}.Release|Any CPU.ActiveCfg = Release|Any CPU
		{8D6FF4D5-0CC4-424C-A2A4-0574BBE0E326}.Release|Any CPU.Build.0 = Release|Any CPU
		{639928DC-A4E1-4986-944C-968F3DE3D327}.Debug|Any CPU.ActiveCfg = Debug|Any CPU
		{639928DC-A4E1-4986-944C-968F3DE3D327}.Debug|Any CPU.Build.0 = Debug|Any CPU
		{639928DC-A4E1-4986-944C-968F3DE3D327}.Release|Any CPU.ActiveCfg = Release|Any CPU
		{639928DC-A4E1-4986-944C-968F3DE3D327}.Release|Any CPU.Build.0 = Release|Any CPU
		{119B60A2-030B-4109-8838-28B60913A355}.Debug|Any CPU.ActiveCfg = Debug|Any CPU
		{119B60A2-030B-4109-8838-28B60913A355}.Debug|Any CPU.Build.0 = Debug|Any CPU
		{119B60A2-030B-4109-8838-28B60913A355}.Release|Any CPU.ActiveCfg = Release|Any CPU
		{119B60A2-030B-4109-8838-28B60913A355}.Release|Any CPU.Build.0 = Release|Any CPU
	EndGlobalSection
	GlobalSection(SolutionProperties) = preSolution
		HideSolutionNode = FALSE
	EndGlobalSection
	GlobalSection(ExtensibilityGlobals) = postSolution
		SolutionGuid = {47DFC767-F3B2-4D9E-A0CC-8DD30A52D776}
	EndGlobalSection
EndGlobal
